
Microsoft Visual Studio Solution File, Format Version 12.00
# Visual Studio Version 16
VisualStudioVersion = 16.0.31729.503
MinimumVisualStudioVersion = 10.0.40219.1
Project("{FAE04EC0-301F-11D3-BF4B-00C04F79EFBC}") = "SendSms", "SendSms.csproj", "{3F72B180-598C-4150-A5C6-C29D7BF4E82D}"
EndProject
Global
	GlobalSection(SolutionConfigurationPlatforms) = preSolution
		Debug|Any CPU = Debug|Any CPU
		Release|Any CPU = Release|Any CPU
	EndGlobalSection
	GlobalSection(ProjectConfigurationPlatforms) = postSolution
		{3F72B180-598C-4150-A5C6-C29D7BF4E82D}.Debug|Any CPU.ActiveCfg = Debug|Any CPU
		{3F72B180-598C-4150-A5C6-C29D7BF4E82D}.Debug|Any CPU.Build.0 = Debug|Any CPU
		{3F72B180-598C-4150-A5C6-C29D7BF4E82D}.Release|Any CPU.ActiveCfg = Release|Any CPU
		{3F72B180-598C-4150-A5C6-C29D7BF4E82D}.Release|Any CPU.Build.0 = Release|Any CPU
	EndGlobalSection
	GlobalSection(SolutionProperties) = preSolution
		HideSolutionNode = FALSE
	EndGlobalSection
	GlobalSection(ExtensibilityGlobals) = postSolution
		SolutionGuid = {0A74E8C3-84EE-4B0C-AEB7-FD141A40066B}
	EndGlobalSection
EndGlobal
